{
    "_readme": [
        "This file locks the dependencies of your project to a known state",
        "Read more about it at https://getcomposer.org/doc/01-basic-usage.md#installing-dependencies",
        "This file is @generated automatically"
    ],
    "content-hash": "2d7914592c5b163789431aad85310b15",
    "packages": [
        {
            "name": "dallgoot/yaml",
            "version": "0.9.1.2",
            "source": {
                "type": "git",
                "url": "https://github.com/dallgoot/yaml.git",
                "reference": "99385863e0ffec5639f24844b616afe7cce6e14c"
            },
            "dist": {
                "type": "zip",
                "url": "https://api.github.com/repos/dallgoot/yaml/zipball/99385863e0ffec5639f24844b616afe7cce6e14c",
                "reference": "99385863e0ffec5639f24844b616afe7cce6e14c",
                "shasum": ""
            },
            "require": {
                "ext-json": "*",
                "ext-pcre": "*",
                "ext-spl": "*",
                "lib-pcre": "*",
                "php": ">=8.1.14"
            },
            "require-dev": {
                "ext-reflection": "*",
                "phan/phan": "*",
                "phpmetrics/phpmetrics": "*",
                "phpunit/phpunit": "*"
            },
            "type": "library",
            "autoload": {
                "psr-4": {
                    "Dallgoot\\Yaml\\": "src/"
                }
            },
            "notification-url": "https://packagist.org/downloads/",
            "license": [
                "Apache-2.0"
            ],
            "authors": [
                {
                    "name": "dallgoot",
                    "email": "stephane.rebai@gmail.com"
                }
            ],
            "description": "Provides loader, dumper and an API for YAML content. Loader builds to equivalent data types in PHP 8.x",
            "homepage": "https://github.com/dallgoot/yaml",
            "keywords": [
                "parser",
                "reader",
                "writer",
                "yaml"
            ],
            "support": {
                "issues": "https://github.com/dallgoot/yaml/issues",
                "source": "https://github.com/dallgoot/yaml/tree/0.9.1.2"
            },
            "funding": [
                {
                    "url": "https://github.com/dallgoot",
                    "type": "github"
                }
            ],
            "time": "2023-12-30T01:42:24+00:00"
        },
        {
            "name": "johngrogg/ics-parser",
            "version": "v3.4.1",
            "source": {
                "type": "git",
                "url": "https://github.com/u01jmg3/ics-parser.git",
                "reference": "abb41a4a46256389aa4e6f582bad76f0d4cb3ebc"
            },
            "dist": {
                "type": "zip",
                "url": "https://api.github.com/repos/u01jmg3/ics-parser/zipball/abb41a4a46256389aa4e6f582bad76f0d4cb3ebc",
                "reference": "abb41a4a46256389aa4e6f582bad76f0d4cb3ebc",
                "shasum": ""
            },
            "require": {
                "ext-mbstring": "*",
                "php": ">=5.6.40"
            },
            "require-dev": {
                "phpunit/phpunit": "^5|^9|^10"
            },
            "type": "library",
            "autoload": {
                "psr-0": {
                    "ICal": "src/"
                }
            },
            "notification-url": "https://packagist.org/downloads/",
            "license": [
                "MIT"
            ],
            "authors": [
                {
                    "name": "Jonathan Goode",
                    "role": "Developer/Owner"
                },
                {
                    "name": "John Grogg",
                    "email": "john.grogg@gmail.com",
                    "role": "Developer/Prior Owner"
                }
            ],
            "description": "ICS Parser",
            "homepage": "https://github.com/u01jmg3/ics-parser",
            "keywords": [
                "iCalendar",
                "ical",
                "ical-parser",
                "ics",
                "ics-parser",
                "ifb"
            ],
            "support": {
                "issues": "https://github.com/u01jmg3/ics-parser/issues",
                "source": "https://github.com/u01jmg3/ics-parser/tree/v3.4.1"
            },
            "funding": [
                {
                    "url": "https://github.com/sponsors/u01jmg3",
                    "type": "github"
                }
            ],
            "time": "2024-06-26T08:18:40+00:00"
        },
        {
            "name": "psr/log",
            "version": "1.0.2",
            "source": {
                "type": "git",
                "url": "https://github.com/php-fig/log.git",
                "reference": "4ebe3a8bf773a19edfe0a84b6585ba3d401b724d"
            },
            "dist": {
                "type": "zip",
                "url": "https://api.github.com/repos/php-fig/log/zipball/4ebe3a8bf773a19edfe0a84b6585ba3d401b724d",
                "reference": "4ebe3a8bf773a19edfe0a84b6585ba3d401b724d",
                "shasum": ""
            },
            "require": {
                "php": ">=5.3.0"
            },
            "type": "library",
            "extra": {
                "branch-alias": {
                    "dev-master": "1.0.x-dev"
                }
            },
            "autoload": {
                "psr-4": {
                    "Psr\\Log\\": "Psr/Log/"
                }
            },
            "notification-url": "https://packagist.org/downloads/",
            "license": [
                "MIT"
            ],
            "authors": [
                {
                    "name": "PHP-FIG",
                    "homepage": "http://www.php-fig.org/"
                }
            ],
            "description": "Common interface for logging libraries",
            "homepage": "https://github.com/php-fig/log",
            "keywords": [
                "log",
                "psr",
                "psr-3"
            ],
            "support": {
                "source": "https://github.com/php-fig/log/tree/master"
            },
            "time": "2016-10-10T12:19:37+00:00"
        },
        {
            "name": "sabre/dav",
            "version": "4.7.0",
            "source": {
                "type": "git",
                "url": "https://github.com/sabre-io/dav.git",
                "reference": "074373bcd689a30bcf5aaa6bbb20a3395964ce7a"
            },
            "dist": {
                "type": "zip",
                "url": "https://api.github.com/repos/sabre-io/dav/zipball/074373bcd689a30bcf5aaa6bbb20a3395964ce7a",
                "reference": "074373bcd689a30bcf5aaa6bbb20a3395964ce7a",
                "shasum": ""
            },
            "require": {
                "ext-ctype": "*",
                "ext-date": "*",
                "ext-dom": "*",
                "ext-iconv": "*",
                "ext-json": "*",
                "ext-mbstring": "*",
                "ext-pcre": "*",
                "ext-simplexml": "*",
                "ext-spl": "*",
                "lib-libxml": ">=2.7.0",
                "php": "^7.1.0 || ^8.0",
                "psr/log": "^1.0 || ^2.0 || ^3.0",
                "sabre/event": "^5.0",
                "sabre/http": "^5.0.5",
                "sabre/uri": "^2.0",
                "sabre/vobject": "^4.2.1",
                "sabre/xml": "^2.0.1"
            },
            "require-dev": {
                "friendsofphp/php-cs-fixer": "^2.19",
                "monolog/monolog": "^1.27 || ^2.0",
                "phpstan/phpstan": "^0.12 || ^1.0",
                "phpstan/phpstan-phpunit": "^1.0",
                "phpunit/phpunit": "^7.5 || ^8.5 || ^9.6"
            },
            "suggest": {
                "ext-curl": "*",
                "ext-imap": "*",
                "ext-pdo": "*"
            },
            "bin": [
                "bin/sabredav",
                "bin/naturalselection"
            ],
            "type": "library",
            "autoload": {
                "psr-4": {
                    "Sabre\\": "lib/"
                }
            },
            "notification-url": "https://packagist.org/downloads/",
            "license": [
                "BSD-3-Clause"
            ],
            "authors": [
                {
                    "name": "Evert Pot",
                    "email": "me@evertpot.com",
                    "homepage": "http://evertpot.com/",
                    "role": "Developer"
                }
            ],
            "description": "WebDAV Framework for PHP",
            "homepage": "http://sabre.io/",
            "keywords": [
                "CalDAV",
                "CardDAV",
                "WebDAV",
                "framework",
                "iCalendar"
            ],
            "support": {
                "forum": "https://groups.google.com/group/sabredav-discuss",
                "issues": "https://github.com/sabre-io/dav/issues",
                "source": "https://github.com/fruux/sabre-dav"
            },
            "time": "2024-10-29T11:46:02+00:00"
        },
        {
            "name": "sabre/event",
            "version": "5.1.7",
            "source": {
                "type": "git",
                "url": "https://github.com/sabre-io/event.git",
                "reference": "86d57e305c272898ba3c28e9bd3d65d5464587c2"
            },
            "dist": {
                "type": "zip",
                "url": "https://api.github.com/repos/sabre-io/event/zipball/86d57e305c272898ba3c28e9bd3d65d5464587c2",
                "reference": "86d57e305c272898ba3c28e9bd3d65d5464587c2",
                "shasum": ""
            },
            "require": {
                "php": "^7.1 || ^8.0"
            },
            "require-dev": {
                "friendsofphp/php-cs-fixer": "~2.17.1||^3.63",
                "phpstan/phpstan": "^0.12",
                "phpunit/phpunit": "^7.5 || ^8.5 || ^9.6"
            },
            "type": "library",
            "autoload": {
                "files": [
                    "lib/coroutine.php",
                    "lib/Loop/functions.php",
                    "lib/Promise/functions.php"
                ],
                "psr-4": {
                    "Sabre\\Event\\": "lib/"
                }
            },
            "notification-url": "https://packagist.org/downloads/",
            "license": [
                "BSD-3-Clause"
            ],
            "authors": [
                {
                    "name": "Evert Pot",
                    "email": "me@evertpot.com",
                    "homepage": "http://evertpot.com/",
                    "role": "Developer"
                }
            ],
            "description": "sabre/event is a library for lightweight event-based programming",
            "homepage": "http://sabre.io/event/",
            "keywords": [
                "EventEmitter",
                "async",
                "coroutine",
                "eventloop",
                "events",
                "hooks",
                "plugin",
                "promise",
                "reactor",
                "signal"
            ],
            "support": {
                "forum": "https://groups.google.com/group/sabredav-discuss",
                "issues": "https://github.com/sabre-io/event/issues",
                "source": "https://github.com/fruux/sabre-event"
            },
            "time": "2024-08-27T11:23:05+00:00"
        },
        {
            "name": "sabre/http",
            "version": "5.1.12",
            "source": {
                "type": "git",
                "url": "https://github.com/sabre-io/http.git",
                "reference": "dedff73f3995578bc942fa4c8484190cac14f139"
            },
            "dist": {
                "type": "zip",
                "url": "https://api.github.com/repos/sabre-io/http/zipball/dedff73f3995578bc942fa4c8484190cac14f139",
                "reference": "dedff73f3995578bc942fa4c8484190cac14f139",
                "shasum": ""
            },
            "require": {
                "ext-ctype": "*",
                "ext-curl": "*",
                "ext-mbstring": "*",
                "php": "^7.1 || ^8.0",
                "sabre/event": ">=4.0 <6.0",
                "sabre/uri": "^2.0"
            },
            "require-dev": {
                "friendsofphp/php-cs-fixer": "~2.17.1||^3.63",
                "phpstan/phpstan": "^0.12",
                "phpunit/phpunit": "^7.5 || ^8.5 || ^9.6"
            },
            "suggest": {
                "ext-curl": " to make http requests with the Client class"
            },
            "type": "library",
            "autoload": {
                "files": [
                    "lib/functions.php"
                ],
                "psr-4": {
                    "Sabre\\HTTP\\": "lib/"
                }
            },
            "notification-url": "https://packagist.org/downloads/",
            "license": [
                "BSD-3-Clause"
            ],
            "authors": [
                {
                    "name": "Evert Pot",
                    "email": "me@evertpot.com",
                    "homepage": "http://evertpot.com/",
                    "role": "Developer"
                }
            ],
            "description": "The sabre/http library provides utilities for dealing with http requests and responses. ",
            "homepage": "https://github.com/fruux/sabre-http",
            "keywords": [
                "http"
            ],
            "support": {
                "forum": "https://groups.google.com/group/sabredav-discuss",
                "issues": "https://github.com/sabre-io/http/issues",
                "source": "https://github.com/fruux/sabre-http"
            },
            "time": "2024-08-27T16:07:41+00:00"
        },
        {
            "name": "sabre/uri",
            "version": "2.3.4",
            "source": {
                "type": "git",
                "url": "https://github.com/sabre-io/uri.git",
                "reference": "b76524c22de90d80ca73143680a8e77b1266c291"
            },
            "dist": {
                "type": "zip",
                "url": "https://api.github.com/repos/sabre-io/uri/zipball/b76524c22de90d80ca73143680a8e77b1266c291",
                "reference": "b76524c22de90d80ca73143680a8e77b1266c291",
                "shasum": ""
            },
            "require": {
                "php": "^7.4 || ^8.0"
            },
            "require-dev": {
                "friendsofphp/php-cs-fixer": "^3.63",
                "phpstan/extension-installer": "^1.4",
                "phpstan/phpstan": "^1.12",
                "phpstan/phpstan-phpunit": "^1.4",
                "phpstan/phpstan-strict-rules": "^1.6",
                "phpunit/phpunit": "^9.6"
            },
            "type": "library",
            "autoload": {
                "files": [
                    "lib/functions.php"
                ],
                "psr-4": {
                    "Sabre\\Uri\\": "lib/"
                }
            },
            "notification-url": "https://packagist.org/downloads/",
            "license": [
                "BSD-3-Clause"
            ],
            "authors": [
                {
                    "name": "Evert Pot",
                    "email": "me@evertpot.com",
                    "homepage": "http://evertpot.com/",
                    "role": "Developer"
                }
            ],
            "description": "Functions for making sense out of URIs.",
            "homepage": "http://sabre.io/uri/",
            "keywords": [
                "rfc3986",
                "uri",
                "url"
            ],
            "support": {
                "forum": "https://groups.google.com/group/sabredav-discuss",
                "issues": "https://github.com/sabre-io/uri/issues",
                "source": "https://github.com/fruux/sabre-uri"
            },
            "time": "2024-08-27T12:18:16+00:00"
        },
        {
            "name": "sabre/vobject",
            "version": "4.5.6",
            "source": {
                "type": "git",
                "url": "https://github.com/sabre-io/vobject.git",
                "reference": "900266bb3bd448a9f7f41f82344ad0aba237cb27"
            },
            "dist": {
                "type": "zip",
                "url": "https://api.github.com/repos/sabre-io/vobject/zipball/900266bb3bd448a9f7f41f82344ad0aba237cb27",
                "reference": "900266bb3bd448a9f7f41f82344ad0aba237cb27",
                "shasum": ""
            },
            "require": {
                "ext-mbstring": "*",
                "php": "^7.1 || ^8.0",
                "sabre/xml": "^2.1 || ^3.0 || ^4.0"
            },
            "require-dev": {
                "friendsofphp/php-cs-fixer": "~2.17.1",
                "phpstan/phpstan": "^0.12 || ^1.11",
                "phpunit/php-invoker": "^2.0 || ^3.1",
                "phpunit/phpunit": "^7.5 || ^8.5 || ^9.6"
            },
            "suggest": {
                "hoa/bench": "If you would like to run the benchmark scripts"
            },
            "bin": [
                "bin/vobject",
                "bin/generate_vcards"
            ],
            "type": "library",
            "extra": {
                "branch-alias": {
                    "dev-master": "4.0.x-dev"
                }
            },
            "autoload": {
                "psr-4": {
                    "Sabre\\VObject\\": "lib/"
                }
            },
            "notification-url": "https://packagist.org/downloads/",
            "license": [
                "BSD-3-Clause"
            ],
            "authors": [
                {
                    "name": "Evert Pot",
                    "email": "me@evertpot.com",
                    "homepage": "http://evertpot.com/",
                    "role": "Developer"
                },
                {
                    "name": "Dominik Tobschall",
                    "email": "dominik@fruux.com",
                    "homepage": "http://tobschall.de/",
                    "role": "Developer"
                },
                {
                    "name": "Ivan Enderlin",
                    "email": "ivan.enderlin@hoa-project.net",
                    "homepage": "http://mnt.io/",
                    "role": "Developer"
                }
            ],
            "description": "The VObject library for PHP allows you to easily parse and manipulate iCalendar and vCard objects",
            "homepage": "http://sabre.io/vobject/",
            "keywords": [
                "availability",
                "freebusy",
                "iCalendar",
                "ical",
                "ics",
                "jCal",
                "jCard",
                "recurrence",
                "rfc2425",
                "rfc2426",
                "rfc2739",
                "rfc4770",
                "rfc5545",
                "rfc5546",
                "rfc6321",
                "rfc6350",
                "rfc6351",
                "rfc6474",
                "rfc6638",
                "rfc6715",
                "rfc6868",
                "vCalendar",
                "vCard",
                "vcf",
                "xCal",
                "xCard"
            ],
            "support": {
                "forum": "https://groups.google.com/group/sabredav-discuss",
                "issues": "https://github.com/sabre-io/vobject/issues",
                "source": "https://github.com/fruux/sabre-vobject"
            },
            "time": "2024-10-14T11:53:54+00:00"
        },
        {
            "name": "sabre/xml",
            "version": "2.2.11",
            "source": {
                "type": "git",
                "url": "https://github.com/sabre-io/xml.git",
                "reference": "01a7927842abf3e10df3d9c2d9b0cc9d813a3fcc"
            },
            "dist": {
                "type": "zip",
                "url": "https://api.github.com/repos/sabre-io/xml/zipball/01a7927842abf3e10df3d9c2d9b0cc9d813a3fcc",
                "reference": "01a7927842abf3e10df3d9c2d9b0cc9d813a3fcc",
                "shasum": ""
            },
            "require": {
                "ext-dom": "*",
                "ext-xmlreader": "*",
                "ext-xmlwriter": "*",
                "lib-libxml": ">=2.6.20",
                "php": "^7.1 || ^8.0",
                "sabre/uri": ">=1.0,<3.0.0"
            },
            "require-dev": {
                "friendsofphp/php-cs-fixer": "~2.17.1||3.63.2",
                "phpstan/phpstan": "^0.12",
                "phpunit/phpunit": "^7.5 || ^8.5 || ^9.6"
            },
            "type": "library",
            "autoload": {
                "files": [
                    "lib/Deserializer/functions.php",
                    "lib/Serializer/functions.php"
                ],
                "psr-4": {
                    "Sabre\\Xml\\": "lib/"
                }
            },
            "notification-url": "https://packagist.org/downloads/",
            "license": [
                "BSD-3-Clause"
            ],
            "authors": [
                {
                    "name": "Evert Pot",
                    "email": "me@evertpot.com",
                    "homepage": "http://evertpot.com/",
                    "role": "Developer"
                },
                {
                    "name": "Markus Staab",
                    "email": "markus.staab@redaxo.de",
                    "role": "Developer"
                }
            ],
            "description": "sabre/xml is an XML library that you may not hate.",
            "homepage": "https://sabre.io/xml/",
            "keywords": [
                "XMLReader",
                "XMLWriter",
                "dom",
                "xml"
            ],
            "support": {
                "forum": "https://groups.google.com/group/sabredav-discuss",
                "issues": "https://github.com/sabre-io/xml/issues",
                "source": "https://github.com/fruux/sabre-xml"
            },
            "time": "2024-09-06T07:37:46+00:00"
        },
        {
            "name": "spatie/enum",
            "version": "3.13.0",
            "source": {
                "type": "git",
                "url": "https://github.com/spatie/enum.git",
                "reference": "f1a0f464ba909491a53e60a955ce84ad7cd93a2c"
            },
            "dist": {
                "type": "zip",
                "url": "https://api.github.com/repos/spatie/enum/zipball/f1a0f464ba909491a53e60a955ce84ad7cd93a2c",
                "reference": "f1a0f464ba909491a53e60a955ce84ad7cd93a2c",
                "shasum": ""
            },
            "require": {
                "ext-json": "*",
                "php": "^8.0"
            },
            "require-dev": {
                "fakerphp/faker": "^1.9.1",
                "larapack/dd": "^1.1",
                "phpunit/phpunit": "^9.0",
                "vimeo/psalm": "^4.3"
            },
            "suggest": {
                "fakerphp/faker": "To use the enum faker provider",
                "phpunit/phpunit": "To use the enum assertions"
            },
            "type": "library",
            "autoload": {
                "psr-4": {
                    "Spatie\\Enum\\": "src"
                }
            },
            "notification-url": "https://packagist.org/downloads/",
            "license": [
                "MIT"
            ],
            "authors": [
                {
                    "name": "Brent Roose",
                    "email": "brent@spatie.be",
                    "homepage": "https://spatie.be",
                    "role": "Developer"
                },
                {
                    "name": "Tom Witkowski",
                    "email": "dev@gummibeer.de",
                    "homepage": "https://gummibeer.de",
                    "role": "Developer"
                }
            ],
            "description": "PHP Enums",
            "homepage": "https://github.com/spatie/enum",
            "keywords": [
                "enum",
                "enumerable",
                "spatie"
            ],
            "support": {
                "docs": "https://docs.spatie.be/enum",
                "issues": "https://github.com/spatie/enum/issues",
                "source": "https://github.com/spatie/enum"
            },
            "funding": [
                {
                    "url": "https://spatie.be/open-source/support-us",
                    "type": "custom"
                },
                {
                    "url": "https://github.com/spatie",
                    "type": "github"
                }
            ],
            "time": "2022-04-22T08:51:55+00:00"
        },
        {
            "name": "spatie/icalendar-generator",
            "version": "2.8.1",
            "source": {
                "type": "git",
                "url": "https://github.com/spatie/icalendar-generator.git",
                "reference": "6cb8b9b9df72bbea25b302aabce680917739fdb6"
            },
            "dist": {
                "type": "zip",
                "url": "https://api.github.com/repos/spatie/icalendar-generator/zipball/6cb8b9b9df72bbea25b302aabce680917739fdb6",
                "reference": "6cb8b9b9df72bbea25b302aabce680917739fdb6",
                "shasum": ""
            },
            "require": {
                "ext-mbstring": "*",
                "php": "^8.1",
                "spatie/enum": "^3.11"
            },
            "require-dev": {
                "ext-json": "*",
                "larapack/dd": "^1.1",
                "nesbot/carbon": "^3.5",
                "pestphp/pest": "^2.34",
                "spatie/pest-plugin-snapshots": "^2.1",
                "vimeo/psalm": "^5.24"
            },
            "type": "library",
            "autoload": {
                "psr-4": {
                    "Spatie\\IcalendarGenerator\\": "src"
                }
            },
            "notification-url": "https://packagist.org/downloads/",
            "license": [
                "MIT"
            ],
            "authors": [
                {
                    "name": "Ruben Van Assche",
                    "email": "ruben@spatie.be",
                    "homepage": "https://spatie.be",
                    "role": "Developer"
                }
            ],
            "description": "Build calendars in the iCalendar format",
            "homepage": "https://github.com/spatie/icalendar-generator",
            "keywords": [
                "calendar",
                "iCalendar",
                "ical",
                "ics",
                "spatie"
            ],
            "support": {
                "issues": "https://github.com/spatie/icalendar-generator/issues",
                "source": "https://github.com/spatie/icalendar-generator/tree/2.8.1"
            },
            "time": "2024-06-17T11:23:50+00:00"
        }
    ],
    "packages-dev": [],
    "aliases": [],
    "minimum-stability": "stable",
    "stability-flags": [],
    "prefer-stable": false,
    "prefer-lowest": false,
    "platform": {
        "ext-json": "*"
    },
    "platform-dev": [],
    "plugin-api-version": "2.6.0"
}
